
Microsoft Visual Studio Solution File, Format Version 12.00
# Visual Studio Version 17
VisualStudioVersion = 17.9.34622.214
MinimumVisualStudioVersion = 10.0.40219.1
Project("{FAE04EC0-301F-11D3-BF4B-00C04F79EFBC}") = "Deneme", "Deneme\Deneme.csproj", "{BABDC2AE-8369-4D1C-B347-7A33C770AB6F}"
EndProject
Project("{FAE04EC0-301F-11D3-BF4B-00C04F79EFBC}") = "Kutuphane-Otomasyon-OOP", "Kutuphane-Otomasyon-OOP\Kutuphane-Otomasyon-OOP.csproj", "{55646CEE-CD6B-4024-B3D6-4F6D73346533}"
EndProject
Global
	GlobalSection(SolutionConfigurationPlatforms) = preSolution
		Debug|Any CPU = Debug|Any CPU
		Release|Any CPU = Release|Any CPU
	EndGlobalSection
	GlobalSection(ProjectConfigurationPlatforms) = postSolution
		{BABDC2AE-8369-4D1C-B347-7A33C770AB6F}.Debug|Any CPU.ActiveCfg = Debug|Any CPU
		{BABDC2AE-8369-4D1C-B347-7A33C770AB6F}.Debug|Any CPU.Build.0 = Debug|Any CPU
		{BABDC2AE-8369-4D1C-B347-7A33C770AB6F}.Release|Any CPU.ActiveCfg = Release|Any CPU
		{BABDC2AE-8369-4D1C-B347-7A33C770AB6F}.Release|Any CPU.Build.0 = Release|Any CPU
		{55646CEE-CD6B-4024-B3D6-4F6D73346533}.Debug|Any CPU.ActiveCfg = Debug|Any CPU
		{55646CEE-CD6B-4024-B3D6-4F6D73346533}.Debug|Any CPU.Build.0 = Debug|Any CPU
		{55646CEE-CD6B-4024-B3D6-4F6D73346533}.Release|Any CPU.ActiveCfg = Release|Any CPU
		{55646CEE-CD6B-4024-B3D6-4F6D73346533}.Release|Any CPU.Build.0 = Release|Any CPU
	EndGlobalSection
	GlobalSection(SolutionProperties) = preSolution
		HideSolutionNode = FALSE
	EndGlobalSection
	GlobalSection(ExtensibilityGlobals) = postSolution
		SolutionGuid = {FC44810C-2A31-43D9-9319-0D73293CF5E5}
	EndGlobalSection
EndGlobal
